{
  "name": "testing",
  "lockfileVersion": 3,
  "requires": true,
  "packages": {
    "": {
      "dependencies": {
        "dotenv": "^17.2.3",
        "nodemailer": "^7.0.9"
      }
    },
    "node_modules/dotenv": {
      "version": "17.2.3",
      "resolved": "https://registry.npmjs.org/dotenv/-/dotenv-17.2.3.tgz",
      "integrity": "sha512-JVUnt+DUIzu87TABbhPmNfVdBDt18BLOWjMUFJMSi/Qqg7NTYtabbvSNJGOJ7afbRuv9D/lngizHtP7QyLQ+9w==",
      "license": "BSD-2-Clause",
      "engines": {
        "node": ">=12"
      },
      "funding": {
        "url": "https://dotenvx.com"
      }
    },
    "node_modules/nodemailer": {
      "version": "7.0.9",
      "resolved": "https://registry.npmjs.org/nodemailer/-/nodemailer-7.0.9.tgz",
      "integrity": "sha512-9/Qm0qXIByEP8lEV2qOqcAW7bRpL8CR9jcTwk3NBnHJNmP9fIJ86g2fgmIXqHY+nj55ZEMwWqYAT2QTDpRUYiQ==",
      "license": "MIT-0",
      "engines": {
        "node": ">=6.0.0"
      }
    }
  }
}
